
Microsoft Visual Studio Solution File, Format Version 12.00
# Visual Studio Version 16
VisualStudioVersion = 16.0.30711.63
MinimumVisualStudioVersion = 10.0.40219.1
Project("{9A19103F-16F7-4668-BE54-9A1E7A4F7556}") = "PrimesWebService", "PrimesWebService\PrimesWebService.csproj", "{994BF1C1-C82E-4F80-A614-B21F89EB3EA8}"
EndProject
Project("{FAE04EC0-301F-11D3-BF4B-00C04F79EFBC}") = "PrimesTestApp", "PrimesTestApp\PrimesTestApp.csproj", "{7385B8E9-C2C3-42FE-824D-A562C092102D}"
EndProject
Global
	GlobalSection(SolutionConfigurationPlatforms) = preSolution
		Debug|Any CPU = Debug|Any CPU
		Release|Any CPU = Release|Any CPU
	EndGlobalSection
	GlobalSection(ProjectConfigurationPlatforms) = postSolution
		{994BF1C1-C82E-4F80-A614-B21F89EB3EA8}.Debug|Any CPU.ActiveCfg = Debug|Any CPU
		{994BF1C1-C82E-4F80-A614-B21F89EB3EA8}.Debug|Any CPU.Build.0 = Debug|Any CPU
		{994BF1C1-C82E-4F80-A614-B21F89EB3EA8}.Release|Any CPU.ActiveCfg = Release|Any CPU
		{994BF1C1-C82E-4F80-A614-B21F89EB3EA8}.Release|Any CPU.Build.0 = Release|Any CPU
		{7385B8E9-C2C3-42FE-824D-A562C092102D}.Debug|Any CPU.ActiveCfg = Debug|Any CPU
		{7385B8E9-C2C3-42FE-824D-A562C092102D}.Debug|Any CPU.Build.0 = Debug|Any CPU
		{7385B8E9-C2C3-42FE-824D-A562C092102D}.Release|Any CPU.ActiveCfg = Release|Any CPU
		{7385B8E9-C2C3-42FE-824D-A562C092102D}.Release|Any CPU.Build.0 = Release|Any CPU
	EndGlobalSection
	GlobalSection(SolutionProperties) = preSolution
		HideSolutionNode = FALSE
	EndGlobalSection
	GlobalSection(ExtensibilityGlobals) = postSolution
		SolutionGuid = {C263276F-B072-498C-BEE2-1692BEF9AB19}
	EndGlobalSection
EndGlobal
